{
  "name": "yoga-debugger",
  "lockfileVersion": 3,
  "requires": true,
  "packages": {
    "": {
      "dependencies": {
        "@graphql-debugger/graphql-yoga": "^0.0.0-alpha.105",
        "graphql-yoga": "~5.1.0"
      }
    },
    "node_modules/@envelop/core": {
      "version": "5.0.0",
      "resolved": "https://registry.npmjs.org/@envelop/core/-/core-5.0.0.tgz",
      "integrity": "sha512-aJdnH/ptv+cvwfvciCBe7TSvccBwo9g0S5f6u35TBVzRVqIGkK03lFlIL+x1cnfZgN9EfR2b1PH2galrT1CdCQ==",
      "dependencies": {
        "@envelop/types": "5.0.0",
        "tslib": "^2.5.0"
      },
      "engines": {
        "node": ">=18.0.0"
      }
    },
    "node_modules/@envelop/types": {
      "version": "5.0.0",
      "resolved": "https://registry.npmjs.org/@envelop/types/-/types-5.0.0.tgz",
      "integrity": "sha512-IPjmgSc4KpQRlO4qbEDnBEixvtb06WDmjKfi/7fkZaryh5HuOmTtixe1EupQI5XfXO8joc3d27uUZ0QdC++euA==",
      "dependencies": {
        "tslib": "^2.5.0"
      },
      "engines": {
        "node": ">=18.0.0"
      }
    },
    "node_modules/@graphql-debugger/adapter-base": {
      "version": "0.0.0-alpha.105",
      "resolved": "https://registry.npmjs.org/@graphql-debugger/adapter-base/-/adapter-base-0.0.0-alpha.105.tgz",
      "integrity": "sha512-oEpF4ItTD8DVMoB2S611Jif+3I7fRe+8h8hZukJZkqG/b6mzrATOADnIo9xpiKAJxLIsDTDUofrngZKZ/Nrl3Q=="
    },
    "node_modules/@graphql-debugger/adapter-proxy": {
      "version": "0.0.0-alpha.105",
      "resolved": "https://registry.npmjs.org/@graphql-debugger/adapter-proxy/-/adapter-proxy-0.0.0-alpha.105.tgz",
      "integrity": "sha512-JuIy408IaOwKwyk7YmvXLWn9YsOu8DcEFYy1dBOeYq9QxUItIWDaiGgj8E8TtO/S+y7Tt3hoBGJSpZvy90xCLQ==",
      "dependencies": {
        "@graphql-debugger/adapter-base": "0.0.0-alpha.105",
        "@graphql-debugger/graphql-fragments": "0.0.0-alpha.105",
        "@graphql-debugger/schemas": "0.0.0-alpha.105",
        "axios": "1.6.8"
      },
      "peerDependencies": {
        "graphql": "^16.0.0 || ^17.0.0"
      }
    },
    "node_modules/@graphql-debugger/adapter-sqlite": {
      "version": "0.0.0-alpha.105",
      "resolved": "https://registry.npmjs.org/@graphql-debugger/adapter-sqlite/-/adapter-sqlite-0.0.0-alpha.105.tgz",
      "integrity": "sha512-tKsgZDWDfVB4n6Yg+Ylap+Mnkh5qLnoCpMkwIvlIqvaZZJmPiVbEsXf7w8tWfA1zKZEI4TOoffHhsjcc3LtAzw==",
      "dependencies": {
        "@graphql-debugger/adapter-base": "0.0.0-alpha.105",
        "@graphql-debugger/data-access": "0.0.0-alpha.105",
        "@graphql-debugger/schemas": "0.0.0-alpha.105",
        "@graphql-debugger/time": "0.0.0-alpha.105",
        "@graphql-debugger/utils": "0.0.0-alpha.105"
      }
    },
    "node_modules/@graphql-debugger/client": {
      "version": "0.0.0-alpha.105",
      "resolved": "https://registry.npmjs.org/@graphql-debugger/client/-/client-0.0.0-alpha.105.tgz",
      "integrity": "sha512-JKBddMEhtwkG04jszjwi8okmly//PpvgooFgcYADaqPwq7zBDPmdGMSDfTx5QXvHeDI8XDRokzbAXVC+f19ltg==",
      "dependencies": {
        "@graphql-debugger/adapter-base": "0.0.0-alpha.105",
        "@graphql-debugger/adapter-sqlite": "0.0.0-alpha.105",
        "@graphql-debugger/utils": "0.0.0-alpha.105",
        "axios": "1.6.8"
      },
      "peerDependencies": {
        "graphql": "^16.0.0 || ^17.0.0"
      }
    },
    "node_modules/@graphql-debugger/data-access": {
      "version": "0.0.0-alpha.105",
      "resolved": "https://registry.npmjs.org/@graphql-debugger/data-access/-/data-access-0.0.0-alpha.105.tgz",
      "integrity": "sha512-pexLI3SounbFYpO0IU1dKOGUharbSod6ka4kZsTadbK4cuot5jnlhRRmSZhsNEW2tRl0BhDTmaJqjMspSfSThg==",
      "hasInstallScript": true,
      "dependencies": {
        "@prisma/client": "5.13.0",
        "@prisma/instrumentation": "5.13.0",
        "prisma": "5.13.0"
      }
    },
    "node_modules/@graphql-debugger/graphql-fragments": {
      "version": "0.0.0-alpha.105",
      "resolved": "https://registry.npmjs.org/@graphql-debugger/graphql-fragments/-/graphql-fragments-0.0.0-alpha.105.tgz",
      "integrity": "sha512-ChzZUL8R0gMC1dDFWUpojxp6ne+oQNwd2U1QbCxIXSAOWhs2p7ZKfboBb/X15KQ02TNb+MSOE0yDRmuU3wmC6A==",
      "dependencies": {
        "gql-tag": "1.0.1"
      },
      "peerDependencies": {
        "graphql": "^16.0.0 || ^17.0.0"
      }
    },
    "node_modules/@graphql-debugger/graphql-yoga": {
      "version": "0.0.0-alpha.105",
      "resolved": "https://registry.npmjs.org/@graphql-debugger/graphql-yoga/-/graphql-yoga-0.0.0-alpha.105.tgz",
      "integrity": "sha512-vio37KFqgyjFtLKoaLIzgifeixq/Si3xsvShGJLmbLwJ31d70XG/fLvvJOzAUwKlQCgRLkhGiFFmRhcpjEZLqQ==",
      "dependencies": {
        "@graphql-debugger/adapter-base": "0.0.0-alpha.105",
        "@graphql-debugger/adapter-proxy": "0.0.0-alpha.105",
        "@graphql-debugger/trace-schema": "0.0.0-alpha.105",
        "@graphql-tools/schema": "10.0.3",
        "@graphql-tools/utils": "10.1.3",
        "graphql-yoga": "5.3.0"
      },
      "peerDependencies": {
        "graphql": "^16.0.0 || ^17.0.0"
      }
    },
    "node_modules/@graphql-debugger/graphql-yoga/node_modules/graphql-yoga": {
      "version": "5.3.0",
      "resolved": "https://registry.npmjs.org/graphql-yoga/-/graphql-yoga-5.3.0.tgz",
      "integrity": "sha512-6mXoGE5AMN6YNugJvjBFIQ0dFUiOMloN0dAzLL8GFt4iJ5WlWRgjdzGHod2zZz7yWQokEVD42DHgrc7NY3Dm0w==",
      "dependencies": {
        "@envelop/core": "^5.0.0",
        "@graphql-tools/executor": "^1.2.5",
        "@graphql-tools/schema": "^10.0.0",
        "@graphql-tools/utils": "^10.1.0",
        "@graphql-yoga/logger": "^2.0.0",
        "@graphql-yoga/subscription": "^5.0.0",
        "@whatwg-node/fetch": "^0.9.17",
        "@whatwg-node/server": "^0.9.32",
        "dset": "^3.1.1",
        "lru-cache": "^10.0.0",
        "tslib": "^2.5.2"
      },
      "engines": {
        "node": ">=18.0.0"
      },
      "peerDependencies": {
        "graphql": "^15.2.0 || ^16.0.0"
      }
    },
    "node_modules/@graphql-debugger/opentelemetry": {
      "version": "0.0.0-alpha.105",
      "resolved": "https://registry.npmjs.org/@graphql-debugger/opentelemetry/-/opentelemetry-0.0.0-alpha.105.tgz",
      "integrity": "sha512-RTUuos9NLIeb81uqSUBPIYsr87lMaJKimbcGEzKJ1AWG2JCTyec6IlSV6pME91vJF320Bi6RNrj6UOkwYeiKjg==",
      "dependencies": {
        "@graphql-debugger/utils": "0.0.0-alpha.105",
        "@graphql-tools/schema": "10.0.3",
        "@graphql-tools/utils": "10.1.3",
        "@opentelemetry/api": "1.8.0",
        "@opentelemetry/context-async-hooks": "1.23.0",
        "@opentelemetry/exporter-trace-otlp-http": "0.50.0",
        "@opentelemetry/instrumentation": "0.50.0",
        "@opentelemetry/otlp-exporter-base": "0.50.0",
        "@opentelemetry/resources": "1.23.0",
        "@opentelemetry/sdk-trace-base": "1.23.0",
        "@opentelemetry/semantic-conventions": "1.23.0"
      },
      "peerDependencies": {
        "graphql": "^16.0.0 || ^17.0.0"
      }
    },
    "node_modules/@graphql-debugger/schemas": {
      "version": "0.0.0-alpha.105",
      "resolved": "https://registry.npmjs.org/@graphql-debugger/schemas/-/schemas-0.0.0-alpha.105.tgz",
      "integrity": "sha512-9S61wYss1S7vwBOveq7aoQpsRVIh2S1XeZpp/dh+vEUJ6T3/umDm20db1Beqk4agwdLXnSfzZzxLoOl79iCy1Q==",
      "dependencies": {
        "@graphql-debugger/time": "0.0.0-alpha.105",
        "zod": "3.23.4"
      }
    },
    "node_modules/@graphql-debugger/time": {
      "version": "0.0.0-alpha.105",
      "resolved": "https://registry.npmjs.org/@graphql-debugger/time/-/time-0.0.0-alpha.105.tgz",
      "integrity": "sha512-oNMogwSLVFFiMLnF+5v216pJHD7CPLFyiViwu/2RW3E1kXOt0FIWMx39Z588LVpVbnEBsjENofc9yH+HWbo+Zw==",
      "dependencies": {
        "moment": "2.30.1"
      }
    },
    "node_modules/@graphql-debugger/trace-directive": {
      "version": "0.0.0-alpha.105",
      "resolved": "https://registry.npmjs.org/@graphql-debugger/trace-directive/-/trace-directive-0.0.0-alpha.105.tgz",
      "integrity": "sha512-FMEDRi6Ax00ruUk/A6qj5MtkEZaF3byYY+J7flGFJVNj3lq7EsTrVHGxeKxcO0S61b+bSSwhKF7LMFCDCOE2MA==",
      "dependencies": {
        "@graphql-debugger/opentelemetry": "0.0.0-alpha.105",
        "@graphql-debugger/types": "0.0.0-alpha.105",
        "@graphql-debugger/utils": "0.0.0-alpha.105",
        "@graphql-tools/schema": "10.0.3",
        "@graphql-tools/utils": "10.1.3"
      },
      "peerDependencies": {
        "graphql": "^16.0.0 || ^17.0.0"
      }
    },
    "node_modules/@graphql-debugger/trace-schema": {
      "version": "0.0.0-alpha.105",
      "resolved": "https://registry.npmjs.org/@graphql-debugger/trace-schema/-/trace-schema-0.0.0-alpha.105.tgz",
      "integrity": "sha512-YCh1p7k0QWJRCr46H59gbpTqQb1TmGv+ljhTvOsYoBkqi6dRgPu/dpB5Y4GL5ZI0r9kXOSMKcXBYpfC5EqO0eg==",
      "dependencies": {
        "@graphql-debugger/adapter-base": "0.0.0-alpha.105",
        "@graphql-debugger/client": "0.0.0-alpha.105",
        "@graphql-debugger/opentelemetry": "0.0.0-alpha.105",
        "@graphql-debugger/trace-directive": "0.0.0-alpha.105",
        "@graphql-debugger/utils": "0.0.0-alpha.105",
        "@graphql-tools/schema": "10.0.3",
        "@graphql-tools/utils": "10.1.3"
      },
      "peerDependencies": {
        "graphql": "^16.0.0 || ^17.0.0"
      }
    },
    "node_modules/@graphql-debugger/types": {
      "version": "0.0.0-alpha.105",
      "resolved": "https://registry.npmjs.org/@graphql-debugger/types/-/types-0.0.0-alpha.105.tgz",
      "integrity": "sha512-ZLJ6nmKZ6ziLPT/2EvN9c7Oa9a+Y6UtvwluTMGsg82w2u8tS6fmDw1lfb+P9vv6CUjZ37GJqyi8ry2CqNGlGeA==",
      "peerDependencies": {
        "graphql": "^16.0.0 || ^17.0.0"
      }
    },
    "node_modules/@graphql-debugger/utils": {
      "version": "0.0.0-alpha.105",
      "resolved": "https://registry.npmjs.org/@graphql-debugger/utils/-/utils-0.0.0-alpha.105.tgz",
      "integrity": "sha512-S4PFF0EMbTzy01hvJvZB2M4XED91+aXteubBNM7pa2g6BmaUShOw93LR3LueHAgtr14T/Lq3quA5rAZQpXb+0A==",
      "dependencies": {
        "@graphql-debugger/data-access": "0.0.0-alpha.105",
        "@graphql-debugger/time": "0.0.0-alpha.105",
        "debug": "4.3.4"
      },
      "peerDependencies": {
        "graphql": "^16.0.0 || ^17.0.0"
      }
    },
    "node_modules/@graphql-tools/executor": {
      "version": "1.2.6",
      "resolved": "https://registry.npmjs.org/@graphql-tools/executor/-/executor-1.2.6.tgz",
      "integrity": "sha512-+1kjfqzM5T2R+dCw7F4vdJ3CqG+fY/LYJyhNiWEFtq0ToLwYzR/KKyD8YuzTirEjSxWTVlcBh7endkx5n5F6ew==",
      "dependencies": {
        "@graphql-tools/utils": "^10.1.1",
        "@graphql-typed-document-node/core": "3.2.0",
        "@repeaterjs/repeater": "^3.0.4",
        "tslib": "^2.4.0",
        "value-or-promise": "^1.0.12"
      },
      "engines": {
        "node": ">=16.0.0"
      },
      "peerDependencies": {
        "graphql": "^14.0.0 || ^15.0.0 || ^16.0.0 || ^17.0.0"
      }
    },
    "node_modules/@graphql-tools/merge": {
      "version": "9.0.3",
      "resolved": "https://registry.npmjs.org/@graphql-tools/merge/-/merge-9.0.3.tgz",
      "integrity": "sha512-FeKv9lKLMwqDu0pQjPpF59GY3HReUkWXKsMIuMuJQOKh9BETu7zPEFUELvcw8w+lwZkl4ileJsHXC9+AnsT2Lw==",
      "dependencies": {
        "@graphql-tools/utils": "^10.0.13",
        "tslib": "^2.4.0"
      },
      "engines": {
        "node": ">=16.0.0"
      },
      "peerDependencies": {
        "graphql": "^14.0.0 || ^15.0.0 || ^16.0.0 || ^17.0.0"
      }
    },
    "node_modules/@graphql-tools/schema": {
      "version": "10.0.3",
      "resolved": "https://registry.npmjs.org/@graphql-tools/schema/-/schema-10.0.3.tgz",
      "integrity": "sha512-p28Oh9EcOna6i0yLaCFOnkcBDQECVf3SCexT6ktb86QNj9idnkhI+tCxnwZDh58Qvjd2nURdkbevvoZkvxzCog==",
      "dependencies": {
        "@graphql-tools/merge": "^9.0.3",
        "@graphql-tools/utils": "^10.0.13",
        "tslib": "^2.4.0",
        "value-or-promise": "^1.0.12"
      },
      "engines": {
        "node": ">=16.0.0"
      },
      "peerDependencies": {
        "graphql": "^14.0.0 || ^15.0.0 || ^16.0.0 || ^17.0.0"
      }
    },
    "node_modules/@graphql-tools/utils": {
      "version": "10.1.3",
      "resolved": "https://registry.npmjs.org/@graphql-tools/utils/-/utils-10.1.3.tgz",
      "integrity": "sha512-loco2ctrrMQzdpSHbcOo6+Ecp21BV67cQ2pNGhuVKAexruu01RdLn3LgtK47B9BpLz3cUD6U0u1R0rur7xMOOg==",
      "dependencies": {
        "@graphql-typed-document-node/core": "^3.1.1",
        "cross-inspect": "1.0.0",
        "dset": "^3.1.2",
        "tslib": "^2.4.0"
      },
      "engines": {
        "node": ">=16.0.0"
      },
      "peerDependencies": {
        "graphql": "^14.0.0 || ^15.0.0 || ^16.0.0 || ^17.0.0"
      }
    },
    "node_modules/@graphql-typed-document-node/core": {
      "version": "3.2.0",
      "resolved": "https://registry.npmjs.org/@graphql-typed-document-node/core/-/core-3.2.0.tgz",
      "integrity": "sha512-mB9oAsNCm9aM3/SOv4YtBMqZbYj10R7dkq8byBqxGY/ncFwhf2oQzMV+LCRlWoDSEBJ3COiR1yeDvMtsoOsuFQ==",
      "peerDependencies": {
        "graphql": "^0.8.0 || ^0.9.0 || ^0.10.0 || ^0.11.0 || ^0.12.0 || ^0.13.0 || ^14.0.0 || ^15.0.0 || ^16.0.0 || ^17.0.0"
      }
    },
    "node_modules/@graphql-yoga/logger": {
      "version": "2.0.0",
      "resolved": "https://registry.npmjs.org/@graphql-yoga/logger/-/logger-2.0.0.tgz",
      "integrity": "sha512-Mg8psdkAp+YTG1OGmvU+xa6xpsAmSir0hhr3yFYPyLNwzUj95DdIwsMpKadDj9xDpYgJcH3Hp/4JMal9DhQimA==",
      "dependencies": {
        "tslib": "^2.5.2"
      },
      "engines": {
        "node": ">=18.0.0"
      }
    },
    "node_modules/@graphql-yoga/subscription": {
      "version": "5.0.0",
      "resolved": "https://registry.npmjs.org/@graphql-yoga/subscription/-/subscription-5.0.0.tgz",
      "integrity": "sha512-Ri7sK8hmxd/kwaEa0YT8uqQUb2wOLsmBMxI90QDyf96lzOMJRgBuNYoEkU1pSgsgmW2glceZ96sRYfaXqwVxUw==",
      "dependencies": {
        "@graphql-yoga/typed-event-target": "^3.0.0",
        "@repeaterjs/repeater": "^3.0.4",
        "@whatwg-node/events": "^0.1.0",
        "tslib": "^2.5.2"
      },
      "engines": {
        "node": ">=18.0.0"
      }
    },
    "node_modules/@graphql-yoga/typed-event-target": {
      "version": "3.0.0",
      "resolved": "https://registry.npmjs.org/@graphql-yoga/typed-event-target/-/typed-event-target-3.0.0.tgz",
      "integrity": "sha512-w+liuBySifrstuHbFrHoHAEyVnDFVib+073q8AeAJ/qqJfvFvAwUPLLtNohR/WDVRgSasfXtl3dcNuVJWN+rjg==",
      "dependencies": {
        "@repeaterjs/repeater": "^3.0.4",
        "tslib": "^2.5.2"
      },
      "engines": {
        "node": ">=18.0.0"
      }
    },
    "node_modules/@kamilkisiela/fast-url-parser": {
      "version": "1.1.4",
      "resolved": "https://registry.npmjs.org/@kamilkisiela/fast-url-parser/-/fast-url-parser-1.1.4.tgz",
      "integrity": "sha512-gbkePEBupNydxCelHCESvFSFM8XPh1Zs/OAVRW/rKpEqPAl5PbOM90Si8mv9bvnR53uPD2s/FiRxdvSejpRJew=="
    },
    "node_modules/@opentelemetry/api": {
      "version": "1.8.0",
      "resolved": "https://registry.npmjs.org/@opentelemetry/api/-/api-1.8.0.tgz",
      "integrity": "sha512-I/s6F7yKUDdtMsoBWXJe8Qz40Tui5vsuKCWJEWVL+5q9sSWRzzx6v2KeNsOBEwd94j0eWkpWCH4yB6rZg9Mf0w==",
      "engines": {
        "node": ">=8.0.0"
      }
    },
    "node_modules/@opentelemetry/api-logs": {
      "version": "0.50.0",
      "resolved": "https://registry.npmjs.org/@opentelemetry/api-logs/-/api-logs-0.50.0.tgz",
      "integrity": "sha512-JdZuKrhOYggqOpUljAq4WWNi5nB10PmgoF0y2CvedLGXd0kSawb/UBnWT8gg1ND3bHCNHStAIVT0ELlxJJRqrA==",
      "dependencies": {
        "@opentelemetry/api": "^1.0.0"
      },
      "engines": {
        "node": ">=14"
      }
    },
    "node_modules/@opentelemetry/context-async-hooks": {
      "version": "1.23.0",
      "resolved": "https://registry.npmjs.org/@opentelemetry/context-async-hooks/-/context-async-hooks-1.23.0.tgz",
      "integrity": "sha512-wazGJZDRevibOJ+VgyrT+9+8sybZAxpZx2G7vy30OAtk92OpZCg7HgNxT11NUx0VBDWcRx1dOatMYGOVplQ7QA==",
      "engines": {
        "node": ">=14"
      },
      "peerDependencies": {
        "@opentelemetry/api": ">=1.0.0 <1.9.0"
      }
    },
    "node_modules/@opentelemetry/core": {
      "version": "1.23.0",
      "resolved": "https://registry.npmjs.org/@opentelemetry/core/-/core-1.23.0.tgz",
      "integrity": "sha512-hdQ/a9TMzMQF/BO8Cz1juA43/L5YGtCSiKoOHmrTEf7VMDAZgy8ucpWx3eQTnQ3gBloRcWtzvcrMZABC3PTSKQ==",
      "dependencies": {
        "@opentelemetry/semantic-conventions": "1.23.0"
      },
      "engines": {
        "node": ">=14"
      },
      "peerDependencies": {
        "@opentelemetry/api": ">=1.0.0 <1.9.0"
      }
    },
    "node_modules/@opentelemetry/exporter-trace-otlp-http": {
      "version": "0.50.0",
      "resolved": "https://registry.npmjs.org/@opentelemetry/exporter-trace-otlp-http/-/exporter-trace-otlp-http-0.50.0.tgz",
      "integrity": "sha512-L7OtIMT7MsFqkmhbQlPBGRXt7152VN5esHpQEJYIBFedOEo3Da+yHpu5ojMZtPzpIvSpB5Xr5lnJUjJCbkttCA==",
      "dependencies": {
        "@opentelemetry/core": "1.23.0",
        "@opentelemetry/otlp-exporter-base": "0.50.0",
        "@opentelemetry/otlp-transformer": "0.50.0",
        "@opentelemetry/resources": "1.23.0",
        "@opentelemetry/sdk-trace-base": "1.23.0"
      },
      "engines": {
        "node": ">=14"
      },
      "peerDependencies": {
        "@opentelemetry/api": "^1.0.0"
      }
    },
    "node_modules/@opentelemetry/instrumentation": {
      "version": "0.50.0",
      "resolved": "https://registry.npmjs.org/@opentelemetry/instrumentation/-/instrumentation-0.50.0.tgz",
      "integrity": "sha512-bhGhbJiZKpuu7wTaSak4hyZcFPlnDeuSF/2vglze8B4w2LubcSbbOnkVTzTs5SXtzh4Xz8eRjaNnAm+u2GYufQ==",
      "dependencies": {
        "@opentelemetry/api-logs": "0.50.0",
        "@types/shimmer": "^1.0.2",
        "import-in-the-middle": "1.7.1",
        "require-in-the-middle": "^7.1.1",
        "semver": "^7.5.2",
        "shimmer": "^1.2.1"
      },
      "engines": {
        "node": ">=14"
      },
      "peerDependencies": {
        "@opentelemetry/api": "^1.3.0"
      }
    },
    "node_modules/@opentelemetry/otlp-exporter-base": {
      "version": "0.50.0",
      "resolved": "https://registry.npmjs.org/@opentelemetry/otlp-exporter-base/-/otlp-exporter-base-0.50.0.tgz",
      "integrity": "sha512-JUmjmrCmE1/fc4LjCQMqLfudgSl5OpUkzx7iA94b4jgeODM7zWxUoVXL7/CT7fWf47Cn+pmKjMvTCSESqZZ3mA==",
      "dependencies": {
        "@opentelemetry/core": "1.23.0"
      },
      "engines": {
        "node": ">=14"
      },
      "peerDependencies": {
        "@opentelemetry/api": "^1.0.0"
      }
    },
    "node_modules/@opentelemetry/otlp-transformer": {
      "version": "0.50.0",
      "resolved": "https://registry.npmjs.org/@opentelemetry/otlp-transformer/-/otlp-transformer-0.50.0.tgz",
      "integrity": "sha512-s0sl1Yfqd5q1Kjrf6DqXPWzErL+XHhrXOfejh4Vc/SMTNqC902xDsC8JQxbjuramWt/+hibfguIvi7Ns8VLolA==",
      "dependencies": {
        "@opentelemetry/api-logs": "0.50.0",
        "@opentelemetry/core": "1.23.0",
        "@opentelemetry/resources": "1.23.0",
        "@opentelemetry/sdk-logs": "0.50.0",
        "@opentelemetry/sdk-metrics": "1.23.0",
        "@opentelemetry/sdk-trace-base": "1.23.0"
      },
      "engines": {
        "node": ">=14"
      },
      "peerDependencies": {
        "@opentelemetry/api": ">=1.3.0 <1.9.0"
      }
    },
    "node_modules/@opentelemetry/resources": {
      "version": "1.23.0",
      "resolved": "https://registry.npmjs.org/@opentelemetry/resources/-/resources-1.23.0.tgz",
      "integrity": "sha512-iPRLfVfcEQynYGo7e4Di+ti+YQTAY0h5mQEUJcHlU9JOqpb4x965O6PZ+wMcwYVY63G96KtdS86YCM1BF1vQZg==",
      "dependencies": {
        "@opentelemetry/core": "1.23.0",
        "@opentelemetry/semantic-conventions": "1.23.0"
      },
      "engines": {
        "node": ">=14"
      },
      "peerDependencies": {
        "@opentelemetry/api": ">=1.0.0 <1.9.0"
      }
    },
    "node_modules/@opentelemetry/sdk-logs": {
      "version": "0.50.0",
      "resolved": "https://registry.npmjs.org/@opentelemetry/sdk-logs/-/sdk-logs-0.50.0.tgz",
      "integrity": "sha512-PeUEupBB29p9nlPNqXoa1PUWNLsZnxG0DCDj3sHqzae+8y76B/A5hvZjg03ulWdnvBLYpnJslqzylG9E0IL87g==",
      "dependencies": {
        "@opentelemetry/core": "1.23.0",
        "@opentelemetry/resources": "1.23.0"
      },
      "engines": {
        "node": ">=14"
      },
      "peerDependencies": {
        "@opentelemetry/api": ">=1.4.0 <1.9.0",
        "@opentelemetry/api-logs": ">=0.39.1"
      }
    },
    "node_modules/@opentelemetry/sdk-metrics": {
      "version": "1.23.0",
      "resolved": "https://registry.npmjs.org/@opentelemetry/sdk-metrics/-/sdk-metrics-1.23.0.tgz",
      "integrity": "sha512-4OkvW6+wST4h6LFG23rXSTf6nmTf201h9dzq7bE0z5R9ESEVLERZz6WXwE7PSgg1gdjlaznm1jLJf8GttypFDg==",
      "dependencies": {
        "@opentelemetry/core": "1.23.0",
        "@opentelemetry/resources": "1.23.0",
        "lodash.merge": "^4.6.2"
      },
      "engines": {
        "node": ">=14"
      },
      "peerDependencies": {
        "@opentelemetry/api": ">=1.3.0 <1.9.0"
      }
    },
    "node_modules/@opentelemetry/sdk-trace-base": {
      "version": "1.23.0",
      "resolved": "https://registry.npmjs.org/@opentelemetry/sdk-trace-base/-/sdk-trace-base-1.23.0.tgz",
      "integrity": "sha512-PzBmZM8hBomUqvCddF/5Olyyviayka44O5nDWq673np3ctnvwMOvNrsUORZjKja1zJbwEuD9niAGbnVrz3jwRQ==",
      "dependencies": {
        "@opentelemetry/core": "1.23.0",
        "@opentelemetry/resources": "1.23.0",
        "@opentelemetry/semantic-conventions": "1.23.0"
      },
      "engines": {
        "node": ">=14"
      },
      "peerDependencies": {
        "@opentelemetry/api": ">=1.0.0 <1.9.0"
      }
    },
    "node_modules/@opentelemetry/semantic-conventions": {
      "version": "1.23.0",
      "resolved": "https://registry.npmjs.org/@opentelemetry/semantic-conventions/-/semantic-conventions-1.23.0.tgz",
      "integrity": "sha512-MiqFvfOzfR31t8cc74CTP1OZfz7MbqpAnLCra8NqQoaHJX6ncIRTdYOQYBDQ2uFISDq0WY8Y9dDTWvsgzzBYRg==",
      "engines": {
        "node": ">=14"
      }
    },
    "node_modules/@prisma/client": {
      "version": "5.13.0",
      "resolved": "https://registry.npmjs.org/@prisma/client/-/client-5.13.0.tgz",
      "integrity": "sha512-uYdfpPncbZ/syJyiYBwGZS8Gt1PTNoErNYMuqHDa2r30rNSFtgTA/LXsSk55R7pdRTMi5pHkeP9B14K6nHmwkg==",
      "hasInstallScript": true,
      "engines": {
        "node": ">=16.13"
      },
      "peerDependencies": {
        "prisma": "*"
      },
      "peerDependenciesMeta": {
        "prisma": {
          "optional": true
        }
      }
    },
    "node_modules/@prisma/debug": {
      "version": "5.13.0",
      "resolved": "https://registry.npmjs.org/@prisma/debug/-/debug-5.13.0.tgz",
      "integrity": "sha512-699iqlEvzyCj9ETrXhs8o8wQc/eVW+FigSsHpiskSFydhjVuwTJEfj/nIYqTaWFYuxiWQRfm3r01meuW97SZaQ=="
    },
    "node_modules/@prisma/engines": {
      "version": "5.13.0",
      "resolved": "https://registry.npmjs.org/@prisma/engines/-/engines-5.13.0.tgz",
      "integrity": "sha512-hIFLm4H1boj6CBZx55P4xKby9jgDTeDG0Jj3iXtwaaHmlD5JmiDkZhh8+DYWkTGchu+rRF36AVROLnk0oaqhHw==",
      "hasInstallScript": true,
      "dependencies": {
        "@prisma/debug": "5.13.0",
        "@prisma/engines-version": "5.13.0-23.b9a39a7ee606c28e3455d0fd60e78c3ba82b1a2b",
        "@prisma/fetch-engine": "5.13.0",
        "@prisma/get-platform": "5.13.0"
      }
    },
    "node_modules/@prisma/engines-version": {
      "version": "5.13.0-23.b9a39a7ee606c28e3455d0fd60e78c3ba82b1a2b",
      "resolved": "https://registry.npmjs.org/@prisma/engines-version/-/engines-version-5.13.0-23.b9a39a7ee606c28e3455d0fd60e78c3ba82b1a2b.tgz",
      "integrity": "sha512-AyUuhahTINGn8auyqYdmxsN+qn0mw3eg+uhkp8zwknXYIqoT3bChG4RqNY/nfDkPvzWAPBa9mrDyBeOnWSgO6A=="
    },
    "node_modules/@prisma/fetch-engine": {
      "version": "5.13.0",
      "resolved": "https://registry.npmjs.org/@prisma/fetch-engine/-/fetch-engine-5.13.0.tgz",
      "integrity": "sha512-Yh4W+t6YKyqgcSEB3odBXt7QyVSm0OQlBSldQF2SNXtmOgMX8D7PF/fvH6E6qBCpjB/yeJLy/FfwfFijoHI6sA==",
      "dependencies": {
        "@prisma/debug": "5.13.0",
        "@prisma/engines-version": "5.13.0-23.b9a39a7ee606c28e3455d0fd60e78c3ba82b1a2b",
        "@prisma/get-platform": "5.13.0"
      }
    },
    "node_modules/@prisma/get-platform": {
      "version": "5.13.0",
      "resolved": "https://registry.npmjs.org/@prisma/get-platform/-/get-platform-5.13.0.tgz",
      "integrity": "sha512-B/WrQwYTzwr7qCLifQzYOmQhZcFmIFhR81xC45gweInSUn2hTEbfKUPd2keAog+y5WI5xLAFNJ3wkXplvSVkSw==",
      "dependencies": {
        "@prisma/debug": "5.13.0"
      }
    },
    "node_modules/@prisma/instrumentation": {
      "version": "5.13.0",
      "resolved": "https://registry.npmjs.org/@prisma/instrumentation/-/instrumentation-5.13.0.tgz",
      "integrity": "sha512-MEJX1aWLsEjS+2iheBkEy1LlzQuUruPgKEzA9HPMwzitCoUUK1qn5o+yIphU7wWs47Le/cED0egYQL7y9/rSsA==",
      "dependencies": {
        "@opentelemetry/api": "1.8.0",
        "@opentelemetry/instrumentation": "0.50.0",
        "@opentelemetry/sdk-trace-base": "1.23.0"
      }
    },
    "node_modules/@repeaterjs/repeater": {
      "version": "3.0.5",
      "resolved": "https://registry.npmjs.org/@repeaterjs/repeater/-/repeater-3.0.5.tgz",
      "integrity": "sha512-l3YHBLAol6d/IKnB9LhpD0cEZWAoe3eFKUyTYWmFmCO2Q/WOckxLQAUyMZWwZV2M/m3+4vgRoaolFqaII82/TA=="
    },
    "node_modules/@types/shimmer": {
      "version": "1.0.5",
      "resolved": "https://registry.npmjs.org/@types/shimmer/-/shimmer-1.0.5.tgz",
      "integrity": "sha512-9Hp0ObzwwO57DpLFF0InUjUm/II8GmKAvzbefxQTihCb7KI6yc9yzf0nLc4mVdby5N4DRCgQM2wCup9KTieeww=="
    },
    "node_modules/@whatwg-node/events": {
      "version": "0.1.1",
      "resolved": "https://registry.npmjs.org/@whatwg-node/events/-/events-0.1.1.tgz",
      "integrity": "sha512-AyQEn5hIPV7Ze+xFoXVU3QTHXVbWPrzaOkxtENMPMuNL6VVHrp4hHfDt9nrQpjO7BgvuM95dMtkycX5M/DZR3w==",
      "engines": {
        "node": ">=16.0.0"
      }
    },
    "node_modules/@whatwg-node/fetch": {
      "version": "0.9.17",
      "resolved": "https://registry.npmjs.org/@whatwg-node/fetch/-/fetch-0.9.17.tgz",
      "integrity": "sha512-TDYP3CpCrxwxpiNY0UMNf096H5Ihf67BK1iKGegQl5u9SlpEDYrvnV71gWBGJm+Xm31qOy8ATgma9rm8Pe7/5Q==",
      "dependencies": {
        "@whatwg-node/node-fetch": "^0.5.7",
        "urlpattern-polyfill": "^10.0.0"
      },
      "engines": {
        "node": ">=16.0.0"
      }
    },
    "node_modules/@whatwg-node/node-fetch": {
      "version": "0.5.11",
      "resolved": "https://registry.npmjs.org/@whatwg-node/node-fetch/-/node-fetch-0.5.11.tgz",
      "integrity": "sha512-LS8tSomZa3YHnntpWt3PP43iFEEl6YeIsvDakczHBKlay5LdkXFr8w7v8H6akpG5nRrzydyB0k1iE2eoL6aKIQ==",
      "dependencies": {
        "@kamilkisiela/fast-url-parser": "^1.1.4",
        "@whatwg-node/events": "^0.1.0",
        "busboy": "^1.6.0",
        "fast-querystring": "^1.1.1",
        "tslib": "^2.3.1"
      },
      "engines": {
        "node": ">=16.0.0"
      }
    },
    "node_modules/@whatwg-node/server": {
      "version": "0.9.34",
      "resolved": "https://registry.npmjs.org/@whatwg-node/server/-/server-0.9.34.tgz",
      "integrity": "sha512-1sHRjqUtZIyTR2m2dS/dJpzS5OcNDpPuUSVDa2PoEgzYVKr4GsqJaYtRaEXXFohvvyh6PkouYCc1rE7jMDWVCA==",
      "dependencies": {
        "@whatwg-node/fetch": "^0.9.17",
        "tslib": "^2.3.1"
      },
      "engines": {
        "node": ">=16.0.0"
      }
    },
    "node_modules/acorn": {
      "version": "8.11.3",
      "resolved": "https://registry.npmjs.org/acorn/-/acorn-8.11.3.tgz",
      "integrity": "sha512-Y9rRfJG5jcKOE0CLisYbojUjIrIEE7AGMzA/Sm4BslANhbS+cDMpgBdcPT91oJ7OuJ9hYJBx59RjbhxVnrF8Xg==",
      "bin": {
        "acorn": "bin/acorn"
      },
      "engines": {
        "node": ">=0.4.0"
      }
    },
    "node_modules/acorn-import-assertions": {
      "version": "1.9.0",
      "resolved": "https://registry.npmjs.org/acorn-import-assertions/-/acorn-import-assertions-1.9.0.tgz",
      "integrity": "sha512-cmMwop9x+8KFhxvKrKfPYmN6/pKTYYHBqLa0DfvVZcKMJWNyWLnaqND7dx/qn66R7ewM1UX5XMaDVP5wlVTaVA==",
      "peerDependencies": {
        "acorn": "^8"
      }
    },
    "node_modules/asynckit": {
      "version": "0.4.0",
      "resolved": "https://registry.npmjs.org/asynckit/-/asynckit-0.4.0.tgz",
      "integrity": "sha512-Oei9OH4tRh0YqU3GxhX79dM/mwVgvbZJaSNaRk+bshkj0S5cfHcgYakreBjrHwatXKbz+IoIdYLxrKim2MjW0Q=="
    },
    "node_modules/axios": {
      "version": "1.6.8",
      "resolved": "https://registry.npmjs.org/axios/-/axios-1.6.8.tgz",
      "integrity": "sha512-v/ZHtJDU39mDpyBoFVkETcd/uNdxrWRrg3bKpOKzXFA6Bvqopts6ALSMU3y6ijYxbw2B+wPrIv46egTzJXCLGQ==",
      "dependencies": {
        "follow-redirects": "^1.15.6",
        "form-data": "^4.0.0",
        "proxy-from-env": "^1.1.0"
      }
    },
    "node_modules/busboy": {
      "version": "1.6.0",
      "resolved": "https://registry.npmjs.org/busboy/-/busboy-1.6.0.tgz",
      "integrity": "sha512-8SFQbg/0hQ9xy3UNTB0YEnsNBbWfhf7RtnzpL7TkBiTBRfrQ9Fxcnz7VJsleJpyp6rVLvXiuORqjlHi5q+PYuA==",
      "dependencies": {
        "streamsearch": "^1.1.0"
      },
      "engines": {
        "node": ">=10.16.0"
      }
    },
    "node_modules/cjs-module-lexer": {
      "version": "1.3.1",
      "resolved": "https://registry.npmjs.org/cjs-module-lexer/-/cjs-module-lexer-1.3.1.tgz",
      "integrity": "sha512-a3KdPAANPbNE4ZUv9h6LckSl9zLsYOP4MBmhIPkRaeyybt+r4UghLvq+xw/YwUcC1gqylCkL4rdVs3Lwupjm4Q=="
    },
    "node_modules/combined-stream": {
      "version": "1.0.8",
      "resolved": "https://registry.npmjs.org/combined-stream/-/combined-stream-1.0.8.tgz",
      "integrity": "sha512-FQN4MRfuJeHf7cBbBMJFXhKSDq+2kAArBlmRBvcvFE5BB1HZKXtSFASDhdlz9zOYwxh8lDdnvmMOe/+5cdoEdg==",
      "dependencies": {
        "delayed-stream": "~1.0.0"
      },
      "engines": {
        "node": ">= 0.8"
      }
    },
    "node_modules/cross-inspect": {
      "version": "1.0.0",
      "resolved": "https://registry.npmjs.org/cross-inspect/-/cross-inspect-1.0.0.tgz",
      "integrity": "sha512-4PFfn4b5ZN6FMNGSZlyb7wUhuN8wvj8t/VQHZdM4JsDcruGJ8L2kf9zao98QIrBPFCpdk27qst/AGTl7pL3ypQ==",
      "dependencies": {
        "tslib": "^2.4.0"
      },
      "engines": {
        "node": ">=16.0.0"
      }
    },
    "node_modules/debug": {
      "version": "4.3.4",
      "resolved": "https://registry.npmjs.org/debug/-/debug-4.3.4.tgz",
      "integrity": "sha512-PRWFHuSU3eDtQJPvnNY7Jcket1j0t5OuOsFzPPzsekD52Zl8qUfFIPEiswXqIvHWGVHOgX+7G/vCNNhehwxfkQ==",
      "dependencies": {
        "ms": "2.1.2"
      },
      "engines": {
        "node": ">=6.0"
      },
      "peerDependenciesMeta": {
        "supports-color": {
          "optional": true
        }
      }
    },
    "node_modules/delayed-stream": {
      "version": "1.0.0",
      "resolved": "https://registry.npmjs.org/delayed-stream/-/delayed-stream-1.0.0.tgz",
      "integrity": "sha512-ZySD7Nf91aLB0RxL4KGrKHBXl7Eds1DAmEdcoVawXnLD7SDhpNgtuII2aAkg7a7QS41jxPSZ17p4VdGnMHk3MQ==",
      "engines": {
        "node": ">=0.4.0"
      }
    },
    "node_modules/dset": {
      "version": "3.1.3",
      "resolved": "https://registry.npmjs.org/dset/-/dset-3.1.3.tgz",
      "integrity": "sha512-20TuZZHCEZ2O71q9/+8BwKwZ0QtD9D8ObhrihJPr+vLLYlSuAU3/zL4cSlgbfeoGHTjCSJBa7NGcrF9/Bx/WJQ==",
      "engines": {
        "node": ">=4"
      }
    },
    "node_modules/fast-decode-uri-component": {
      "version": "1.0.1",
      "resolved": "https://registry.npmjs.org/fast-decode-uri-component/-/fast-decode-uri-component-1.0.1.tgz",
      "integrity": "sha512-WKgKWg5eUxvRZGwW8FvfbaH7AXSh2cL+3j5fMGzUMCxWBJ3dV3a7Wz8y2f/uQ0e3B6WmodD3oS54jTQ9HVTIIg=="
    },
    "node_modules/fast-querystring": {
      "version": "1.1.2",
      "resolved": "https://registry.npmjs.org/fast-querystring/-/fast-querystring-1.1.2.tgz",
      "integrity": "sha512-g6KuKWmFXc0fID8WWH0jit4g0AGBoJhCkJMb1RmbsSEUNvQ+ZC8D6CUZ+GtF8nMzSPXnhiePyyqqipzNNEnHjg==",
      "dependencies": {
        "fast-decode-uri-component": "^1.0.1"
      }
    },
    "node_modules/follow-redirects": {
      "version": "1.15.6",
      "resolved": "https://registry.npmjs.org/follow-redirects/-/follow-redirects-1.15.6.tgz",
      "integrity": "sha512-wWN62YITEaOpSK584EZXJafH1AGpO8RVgElfkuXbTOrPX4fIfOyEpW/CsiNd8JdYrAoOvafRTOEnvsO++qCqFA==",
      "funding": [
        {
          "type": "individual",
          "url": "https://github.com/sponsors/RubenVerborgh"
        }
      ],
      "engines": {
        "node": ">=4.0"
      },
      "peerDependenciesMeta": {
        "debug": {
          "optional": true
        }
      }
    },
    "node_modules/form-data": {
      "version": "4.0.0",
      "resolved": "https://registry.npmjs.org/form-data/-/form-data-4.0.0.tgz",
      "integrity": "sha512-ETEklSGi5t0QMZuiXoA/Q6vcnxcLQP5vdugSpuAyi6SVGi2clPPp+xgEhuMaHC+zGgn31Kd235W35f7Hykkaww==",
      "dependencies": {
        "asynckit": "^0.4.0",
        "combined-stream": "^1.0.8",
        "mime-types": "^2.1.12"
      },
      "engines": {
        "node": ">= 6"
      }
    },
    "node_modules/function-bind": {
      "version": "1.1.2",
      "resolved": "https://registry.npmjs.org/function-bind/-/function-bind-1.1.2.tgz",
      "integrity": "sha512-7XHNxH7qX9xG5mIwxkhumTox/MIRNcOgDrxWsMt2pAr23WHp6MrRlN7FBSFpCpr+oVO0F744iUgR82nJMfG2SA==",
      "funding": {
        "url": "https://github.com/sponsors/ljharb"
      }
    },
    "node_modules/gql-tag": {
      "version": "1.0.1",
      "resolved": "https://registry.npmjs.org/gql-tag/-/gql-tag-1.0.1.tgz",
      "integrity": "sha512-eVxldTiOtJJ3ySNgYbfRwyIyDDMATJ/ykojlQng5ihX1V0Xpr4C7ZXSZuWo7tg+kf+GS8lzhlbZmKSDjbYGhyA=="
    },
    "node_modules/graphql": {
      "version": "16.8.1",
      "resolved": "https://registry.npmjs.org/graphql/-/graphql-16.8.1.tgz",
      "integrity": "sha512-59LZHPdGZVh695Ud9lRzPBVTtlX9ZCV150Er2W43ro37wVof0ctenSaskPPjN7lVTIN8mSZt8PHUNKZuNQUuxw==",
      "peer": true,
      "engines": {
        "node": "^12.22.0 || ^14.16.0 || ^16.0.0 || >=17.0.0"
      }
    },
    "node_modules/graphql-yoga": {
      "version": "5.1.1",
      "resolved": "https://registry.npmjs.org/graphql-yoga/-/graphql-yoga-5.1.1.tgz",
      "integrity": "sha512-oak5nVKTHpqJgpA1aT3cJPOlCidrW7l6nbc5L6w07VdFul16ielGI2ZnQDAXO+qQih09/4WspD5x0SsSZH+hkg==",
      "dependencies": {
        "@envelop/core": "^5.0.0",
        "@graphql-tools/executor": "^1.0.0",
        "@graphql-tools/schema": "^10.0.0",
        "@graphql-tools/utils": "^10.0.0",
        "@graphql-yoga/logger": "^2.0.0",
        "@graphql-yoga/subscription": "^5.0.0",
        "@whatwg-node/fetch": "^0.9.7",
        "@whatwg-node/server": "^0.9.1",
        "dset": "^3.1.1",
        "lru-cache": "^10.0.0",
        "tslib": "^2.5.2"
      },
      "engines": {
        "node": ">=18.0.0"
      },
      "peerDependencies": {
        "graphql": "^15.2.0 || ^16.0.0"
      }
    },
    "node_modules/hasown": {
      "version": "2.0.2",
      "resolved": "https://registry.npmjs.org/hasown/-/hasown-2.0.2.tgz",
      "integrity": "sha512-0hJU9SCPvmMzIBdZFqNPXWa6dqh7WdH0cII9y+CyS8rG3nL48Bclra9HmKhVVUHyPWNH5Y7xDwAB7bfgSjkUMQ==",
      "dependencies": {
        "function-bind": "^1.1.2"
      },
      "engines": {
        "node": ">= 0.4"
      }
    },
    "node_modules/import-in-the-middle": {
      "version": "1.7.1",
      "resolved": "https://registry.npmjs.org/import-in-the-middle/-/import-in-the-middle-1.7.1.tgz",
      "integrity": "sha512-1LrZPDtW+atAxH42S6288qyDFNQ2YCty+2mxEPRtfazH6Z5QwkaBSTS2ods7hnVJioF6rkRfNoA6A/MstpFXLg==",
      "dependencies": {
        "acorn": "^8.8.2",
        "acorn-import-assertions": "^1.9.0",
        "cjs-module-lexer": "^1.2.2",
        "module-details-from-path": "^1.0.3"
      }
    },
    "node_modules/is-core-module": {
      "version": "2.13.1",
      "resolved": "https://registry.npmjs.org/is-core-module/-/is-core-module-2.13.1.tgz",
      "integrity": "sha512-hHrIjvZsftOsvKSn2TRYl63zvxsgE0K+0mYMoH6gD4omR5IWB2KynivBQczo3+wF1cCkjzvptnI9Q0sPU66ilw==",
      "dependencies": {
        "hasown": "^2.0.0"
      },
      "funding": {
        "url": "https://github.com/sponsors/ljharb"
      }
    },
    "node_modules/lodash.merge": {
      "version": "4.6.2",
      "resolved": "https://registry.npmjs.org/lodash.merge/-/lodash.merge-4.6.2.tgz",
      "integrity": "sha512-0KpjqXRVvrYyCsX1swR/XTK0va6VQkQM6MNo7PqW77ByjAhoARA8EfrP1N4+KlKj8YS0ZUCtRT/YUuhyYDujIQ=="
    },
    "node_modules/lru-cache": {
      "version": "10.2.1",
      "resolved": "https://registry.npmjs.org/lru-cache/-/lru-cache-10.2.1.tgz",
      "integrity": "sha512-tS24spDe/zXhWbNPErCHs/AGOzbKGHT+ybSBqmdLm8WZ1xXLWvH8Qn71QPAlqVhd0qUTWjy+Kl9JmISgDdEjsA==",
      "engines": {
        "node": "14 || >=16.14"
      }
    },
    "node_modules/mime-db": {
      "version": "1.52.0",
      "resolved": "https://registry.npmjs.org/mime-db/-/mime-db-1.52.0.tgz",
      "integrity": "sha512-sPU4uV7dYlvtWJxwwxHD0PuihVNiE7TyAbQ5SWxDCB9mUYvOgroQOwYQQOKPJ8CIbE+1ETVlOoK1UC2nU3gYvg==",
      "engines": {
        "node": ">= 0.6"
      }
    },
    "node_modules/mime-types": {
      "version": "2.1.35",
      "resolved": "https://registry.npmjs.org/mime-types/-/mime-types-2.1.35.tgz",
      "integrity": "sha512-ZDY+bPm5zTTF+YpCrAU9nK0UgICYPT0QtT1NZWFv4s++TNkcgVaT0g6+4R2uI4MjQjzysHB1zxuWL50hzaeXiw==",
      "dependencies": {
        "mime-db": "1.52.0"
      },
      "engines": {
        "node": ">= 0.6"
      }
    },
    "node_modules/module-details-from-path": {
      "version": "1.0.3",
      "resolved": "https://registry.npmjs.org/module-details-from-path/-/module-details-from-path-1.0.3.tgz",
      "integrity": "sha512-ySViT69/76t8VhE1xXHK6Ch4NcDd26gx0MzKXLO+F7NOtnqH68d9zF94nT8ZWSxXh8ELOERsnJO/sWt1xZYw5A=="
    },
    "node_modules/moment": {
      "version": "2.30.1",
      "resolved": "https://registry.npmjs.org/moment/-/moment-2.30.1.tgz",
      "integrity": "sha512-uEmtNhbDOrWPFS+hdjFCBfy9f2YoyzRpwcl+DqpC6taX21FzsTLQVbMV/W7PzNSX6x/bhC1zA3c2UQ5NzH6how==",
      "engines": {
        "node": "*"
      }
    },
    "node_modules/ms": {
      "version": "2.1.2",
      "resolved": "https://registry.npmjs.org/ms/-/ms-2.1.2.tgz",
      "integrity": "sha512-sGkPx+VjMtmA6MX27oA4FBFELFCZZ4S4XqeGOXCv68tT+jb3vk/RyaKWP0PTKyWtmLSM0b+adUTEvbs1PEaH2w=="
    },
    "node_modules/path-parse": {
      "version": "1.0.7",
      "resolved": "https://registry.npmjs.org/path-parse/-/path-parse-1.0.7.tgz",
      "integrity": "sha512-LDJzPVEEEPR+y48z93A0Ed0yXb8pAByGWo/k5YYdYgpY2/2EsOsksJrq7lOHxryrVOn1ejG6oAp8ahvOIQD8sw=="
    },
    "node_modules/prisma": {
      "version": "5.13.0",
      "resolved": "https://registry.npmjs.org/prisma/-/prisma-5.13.0.tgz",
      "integrity": "sha512-kGtcJaElNRAdAGsCNykFSZ7dBKpL14Cbs+VaQ8cECxQlRPDjBlMHNFYeYt0SKovAVy2Y65JXQwB3A5+zIQwnTg==",
      "hasInstallScript": true,
      "dependencies": {
        "@prisma/engines": "5.13.0"
      },
      "bin": {
        "prisma": "build/index.js"
      },
      "engines": {
        "node": ">=16.13"
      }
    },
    "node_modules/proxy-from-env": {
      "version": "1.1.0",
      "resolved": "https://registry.npmjs.org/proxy-from-env/-/proxy-from-env-1.1.0.tgz",
      "integrity": "sha512-D+zkORCbA9f1tdWRK0RaCR3GPv50cMxcrz4X8k5LTSUD1Dkw47mKJEZQNunItRTkWwgtaUSo1RVFRIG9ZXiFYg=="
    },
    "node_modules/require-in-the-middle": {
      "version": "7.3.0",
      "resolved": "https://registry.npmjs.org/require-in-the-middle/-/require-in-the-middle-7.3.0.tgz",
      "integrity": "sha512-nQFEv9gRw6SJAwWD2LrL0NmQvAcO7FBwJbwmr2ttPAacfy0xuiOjE5zt+zM4xDyuyvUaxBi/9gb2SoCyNEVJcw==",
      "dependencies": {
        "debug": "^4.1.1",
        "module-details-from-path": "^1.0.3",
        "resolve": "^1.22.1"
      },
      "engines": {
        "node": ">=8.6.0"
      }
    },
    "node_modules/resolve": {
      "version": "1.22.8",
      "resolved": "https://registry.npmjs.org/resolve/-/resolve-1.22.8.tgz",
      "integrity": "sha512-oKWePCxqpd6FlLvGV1VU0x7bkPmmCNolxzjMf4NczoDnQcIWrAF+cPtZn5i6n+RfD2d9i0tzpKnG6Yk168yIyw==",
      "dependencies": {
        "is-core-module": "^2.13.0",
        "path-parse": "^1.0.7",
        "supports-preserve-symlinks-flag": "^1.0.0"
      },
      "bin": {
        "resolve": "bin/resolve"
      },
      "funding": {
        "url": "https://github.com/sponsors/ljharb"
      }
    },
    "node_modules/semver": {
      "version": "7.6.0",
      "resolved": "https://registry.npmjs.org/semver/-/semver-7.6.0.tgz",
      "integrity": "sha512-EnwXhrlwXMk9gKu5/flx5sv/an57AkRplG3hTK68W7FRDN+k+OWBj65M7719OkA82XLBxrcX0KSHj+X5COhOVg==",
      "dependencies": {
        "lru-cache": "^6.0.0"
      },
      "bin": {
        "semver": "bin/semver.js"
      },
      "engines": {
        "node": ">=10"
      }
    },
    "node_modules/semver/node_modules/lru-cache": {
      "version": "6.0.0",
      "resolved": "https://registry.npmjs.org/lru-cache/-/lru-cache-6.0.0.tgz",
      "integrity": "sha512-Jo6dJ04CmSjuznwJSS3pUeWmd/H0ffTlkXXgwZi+eq1UCmqQwCh+eLsYOYCwY991i2Fah4h1BEMCx4qThGbsiA==",
      "dependencies": {
        "yallist": "^4.0.0"
      },
      "engines": {
        "node": ">=10"
      }
    },
    "node_modules/shimmer": {
      "version": "1.2.1",
      "resolved": "https://registry.npmjs.org/shimmer/-/shimmer-1.2.1.tgz",
      "integrity": "sha512-sQTKC1Re/rM6XyFM6fIAGHRPVGvyXfgzIDvzoq608vM+jeyVD0Tu1E6Np0Kc2zAIFWIj963V2800iF/9LPieQw=="
    },
    "node_modules/streamsearch": {
      "version": "1.1.0",
      "resolved": "https://registry.npmjs.org/streamsearch/-/streamsearch-1.1.0.tgz",
      "integrity": "sha512-Mcc5wHehp9aXz1ax6bZUyY5afg9u2rv5cqQI3mRrYkGC8rW2hM02jWuwjtL++LS5qinSyhj2QfLyNsuc+VsExg==",
      "engines": {
        "node": ">=10.0.0"
      }
    },
    "node_modules/supports-preserve-symlinks-flag": {
      "version": "1.0.0",
      "resolved": "https://registry.npmjs.org/supports-preserve-symlinks-flag/-/supports-preserve-symlinks-flag-1.0.0.tgz",
      "integrity": "sha512-ot0WnXS9fgdkgIcePe6RHNk1WA8+muPa6cSjeR3V8K27q9BB1rTE3R1p7Hv0z1ZyAc8s6Vvv8DIyWf681MAt0w==",
      "engines": {
        "node": ">= 0.4"
      },
      "funding": {
        "url": "https://github.com/sponsors/ljharb"
      }
    },
    "node_modules/tslib": {
      "version": "2.6.2",
      "resolved": "https://registry.npmjs.org/tslib/-/tslib-2.6.2.tgz",
      "integrity": "sha512-AEYxH93jGFPn/a2iVAwW87VuUIkR1FVUKB77NwMF7nBTDkDrrT/Hpt/IrCJ0QXhW27jTBDcf5ZY7w6RiqTMw2Q=="
    },
    "node_modules/urlpattern-polyfill": {
      "version": "10.0.0",
      "resolved": "https://registry.npmjs.org/urlpattern-polyfill/-/urlpattern-polyfill-10.0.0.tgz",
      "integrity": "sha512-H/A06tKD7sS1O1X2SshBVeA5FLycRpjqiBeqGKmBwBDBy28EnRjORxTNe269KSSr5un5qyWi1iL61wLxpd+ZOg=="
    },
    "node_modules/value-or-promise": {
      "version": "1.0.12",
      "resolved": "https://registry.npmjs.org/value-or-promise/-/value-or-promise-1.0.12.tgz",
      "integrity": "sha512-Z6Uz+TYwEqE7ZN50gwn+1LCVo9ZVrpxRPOhOLnncYkY1ZzOYtrX8Fwf/rFktZ8R5mJms6EZf5TqNOMeZmnPq9Q==",
      "engines": {
        "node": ">=12"
      }
    },
    "node_modules/yallist": {
      "version": "4.0.0",
      "resolved": "https://registry.npmjs.org/yallist/-/yallist-4.0.0.tgz",
      "integrity": "sha512-3wdGidZyq5PB084XLES5TpOSRA3wjXAlIWMhum2kRcv/41Sn2emQ0dycQW4uZXLejwKvg6EsvbdlVL+FYEct7A=="
    },
    "node_modules/zod": {
      "version": "3.23.4",
      "resolved": "https://registry.npmjs.org/zod/-/zod-3.23.4.tgz",
      "integrity": "sha512-/AtWOKbBgjzEYYQRNfoGKHObgfAZag6qUJX1VbHo2PRBgS+wfWagEY2mizjfyAPcGesrJOcx/wcl0L9WnVrHFw==",
      "funding": {
        "url": "https://github.com/sponsors/colinhacks"
      }
    }
  }
}
