{
  "name": "yoga-otel",
  "lockfileVersion": 3,
  "requires": true,
  "packages": {
    "": {
      "dependencies": {
        "@opentelemetry/api": "^1.8.0",
        "@opentelemetry/exporter-jaeger": "^1.24.0",
        "@opentelemetry/exporter-trace-otlp-http": "^0.51.0",
        "@opentelemetry/resources": "^1.24.0",
        "@opentelemetry/sdk-trace-base": "^1.24.0",
        "@opentelemetry/semantic-conventions": "^1.24.0",
        "graphql-yoga": "~5.1.0"
      }
    },
    "node_modules/@envelop/core": {
      "version": "5.0.0",
      "resolved": "https://registry.npmjs.org/@envelop/core/-/core-5.0.0.tgz",
      "integrity": "sha512-aJdnH/ptv+cvwfvciCBe7TSvccBwo9g0S5f6u35TBVzRVqIGkK03lFlIL+x1cnfZgN9EfR2b1PH2galrT1CdCQ==",
      "dependencies": {
        "@envelop/types": "5.0.0",
        "tslib": "^2.5.0"
      },
      "engines": {
        "node": ">=18.0.0"
      }
    },
    "node_modules/@envelop/types": {
      "version": "5.0.0",
      "resolved": "https://registry.npmjs.org/@envelop/types/-/types-5.0.0.tgz",
      "integrity": "sha512-IPjmgSc4KpQRlO4qbEDnBEixvtb06WDmjKfi/7fkZaryh5HuOmTtixe1EupQI5XfXO8joc3d27uUZ0QdC++euA==",
      "dependencies": {
        "tslib": "^2.5.0"
      },
      "engines": {
        "node": ">=18.0.0"
      }
    },
    "node_modules/@graphql-tools/executor": {
      "version": "1.2.6",
      "resolved": "https://registry.npmjs.org/@graphql-tools/executor/-/executor-1.2.6.tgz",
      "integrity": "sha512-+1kjfqzM5T2R+dCw7F4vdJ3CqG+fY/LYJyhNiWEFtq0ToLwYzR/KKyD8YuzTirEjSxWTVlcBh7endkx5n5F6ew==",
      "dependencies": {
        "@graphql-tools/utils": "^10.1.1",
        "@graphql-typed-document-node/core": "3.2.0",
        "@repeaterjs/repeater": "^3.0.4",
        "tslib": "^2.4.0",
        "value-or-promise": "^1.0.12"
      },
      "engines": {
        "node": ">=16.0.0"
      },
      "peerDependencies": {
        "graphql": "^14.0.0 || ^15.0.0 || ^16.0.0 || ^17.0.0"
      }
    },
    "node_modules/@graphql-tools/merge": {
      "version": "9.0.3",
      "resolved": "https://registry.npmjs.org/@graphql-tools/merge/-/merge-9.0.3.tgz",
      "integrity": "sha512-FeKv9lKLMwqDu0pQjPpF59GY3HReUkWXKsMIuMuJQOKh9BETu7zPEFUELvcw8w+lwZkl4ileJsHXC9+AnsT2Lw==",
      "dependencies": {
        "@graphql-tools/utils": "^10.0.13",
        "tslib": "^2.4.0"
      },
      "engines": {
        "node": ">=16.0.0"
      },
      "peerDependencies": {
        "graphql": "^14.0.0 || ^15.0.0 || ^16.0.0 || ^17.0.0"
      }
    },
    "node_modules/@graphql-tools/schema": {
      "version": "10.0.3",
      "resolved": "https://registry.npmjs.org/@graphql-tools/schema/-/schema-10.0.3.tgz",
      "integrity": "sha512-p28Oh9EcOna6i0yLaCFOnkcBDQECVf3SCexT6ktb86QNj9idnkhI+tCxnwZDh58Qvjd2nURdkbevvoZkvxzCog==",
      "dependencies": {
        "@graphql-tools/merge": "^9.0.3",
        "@graphql-tools/utils": "^10.0.13",
        "tslib": "^2.4.0",
        "value-or-promise": "^1.0.12"
      },
      "engines": {
        "node": ">=16.0.0"
      },
      "peerDependencies": {
        "graphql": "^14.0.0 || ^15.0.0 || ^16.0.0 || ^17.0.0"
      }
    },
    "node_modules/@graphql-tools/utils": {
      "version": "10.1.3",
      "resolved": "https://registry.npmjs.org/@graphql-tools/utils/-/utils-10.1.3.tgz",
      "integrity": "sha512-loco2ctrrMQzdpSHbcOo6+Ecp21BV67cQ2pNGhuVKAexruu01RdLn3LgtK47B9BpLz3cUD6U0u1R0rur7xMOOg==",
      "dependencies": {
        "@graphql-typed-document-node/core": "^3.1.1",
        "cross-inspect": "1.0.0",
        "dset": "^3.1.2",
        "tslib": "^2.4.0"
      },
      "engines": {
        "node": ">=16.0.0"
      },
      "peerDependencies": {
        "graphql": "^14.0.0 || ^15.0.0 || ^16.0.0 || ^17.0.0"
      }
    },
    "node_modules/@graphql-typed-document-node/core": {
      "version": "3.2.0",
      "resolved": "https://registry.npmjs.org/@graphql-typed-document-node/core/-/core-3.2.0.tgz",
      "integrity": "sha512-mB9oAsNCm9aM3/SOv4YtBMqZbYj10R7dkq8byBqxGY/ncFwhf2oQzMV+LCRlWoDSEBJ3COiR1yeDvMtsoOsuFQ==",
      "peerDependencies": {
        "graphql": "^0.8.0 || ^0.9.0 || ^0.10.0 || ^0.11.0 || ^0.12.0 || ^0.13.0 || ^14.0.0 || ^15.0.0 || ^16.0.0 || ^17.0.0"
      }
    },
    "node_modules/@graphql-yoga/logger": {
      "version": "2.0.0",
      "resolved": "https://registry.npmjs.org/@graphql-yoga/logger/-/logger-2.0.0.tgz",
      "integrity": "sha512-Mg8psdkAp+YTG1OGmvU+xa6xpsAmSir0hhr3yFYPyLNwzUj95DdIwsMpKadDj9xDpYgJcH3Hp/4JMal9DhQimA==",
      "dependencies": {
        "tslib": "^2.5.2"
      },
      "engines": {
        "node": ">=18.0.0"
      }
    },
    "node_modules/@graphql-yoga/subscription": {
      "version": "5.0.0",
      "resolved": "https://registry.npmjs.org/@graphql-yoga/subscription/-/subscription-5.0.0.tgz",
      "integrity": "sha512-Ri7sK8hmxd/kwaEa0YT8uqQUb2wOLsmBMxI90QDyf96lzOMJRgBuNYoEkU1pSgsgmW2glceZ96sRYfaXqwVxUw==",
      "dependencies": {
        "@graphql-yoga/typed-event-target": "^3.0.0",
        "@repeaterjs/repeater": "^3.0.4",
        "@whatwg-node/events": "^0.1.0",
        "tslib": "^2.5.2"
      },
      "engines": {
        "node": ">=18.0.0"
      }
    },
    "node_modules/@graphql-yoga/typed-event-target": {
      "version": "3.0.0",
      "resolved": "https://registry.npmjs.org/@graphql-yoga/typed-event-target/-/typed-event-target-3.0.0.tgz",
      "integrity": "sha512-w+liuBySifrstuHbFrHoHAEyVnDFVib+073q8AeAJ/qqJfvFvAwUPLLtNohR/WDVRgSasfXtl3dcNuVJWN+rjg==",
      "dependencies": {
        "@repeaterjs/repeater": "^3.0.4",
        "tslib": "^2.5.2"
      },
      "engines": {
        "node": ">=18.0.0"
      }
    },
    "node_modules/@kamilkisiela/fast-url-parser": {
      "version": "1.1.4",
      "resolved": "https://registry.npmjs.org/@kamilkisiela/fast-url-parser/-/fast-url-parser-1.1.4.tgz",
      "integrity": "sha512-gbkePEBupNydxCelHCESvFSFM8XPh1Zs/OAVRW/rKpEqPAl5PbOM90Si8mv9bvnR53uPD2s/FiRxdvSejpRJew=="
    },
    "node_modules/@opentelemetry/api": {
      "version": "1.8.0",
      "resolved": "https://registry.npmjs.org/@opentelemetry/api/-/api-1.8.0.tgz",
      "integrity": "sha512-I/s6F7yKUDdtMsoBWXJe8Qz40Tui5vsuKCWJEWVL+5q9sSWRzzx6v2KeNsOBEwd94j0eWkpWCH4yB6rZg9Mf0w==",
      "engines": {
        "node": ">=8.0.0"
      }
    },
    "node_modules/@opentelemetry/api-logs": {
      "version": "0.51.0",
      "resolved": "https://registry.npmjs.org/@opentelemetry/api-logs/-/api-logs-0.51.0.tgz",
      "integrity": "sha512-m/jtfBPEIXS1asltl8fPQtO3Sb1qMpuL61unQajUmM8zIxeMF1AlqzWXM3QedcYgTTFiJCew5uJjyhpmqhc0+g==",
      "dependencies": {
        "@opentelemetry/api": "^1.0.0"
      },
      "engines": {
        "node": ">=14"
      }
    },
    "node_modules/@opentelemetry/core": {
      "version": "1.24.0",
      "resolved": "https://registry.npmjs.org/@opentelemetry/core/-/core-1.24.0.tgz",
      "integrity": "sha512-FP2oN7mVPqcdxJDTTnKExj4mi91EH+DNuArKfHTjPuJWe2K1JfMIVXNfahw1h3onJxQnxS8K0stKkogX05s+Aw==",
      "dependencies": {
        "@opentelemetry/semantic-conventions": "1.24.0"
      },
      "engines": {
        "node": ">=14"
      },
      "peerDependencies": {
        "@opentelemetry/api": ">=1.0.0 <1.9.0"
      }
    },
    "node_modules/@opentelemetry/exporter-jaeger": {
      "version": "1.24.0",
      "resolved": "https://registry.npmjs.org/@opentelemetry/exporter-jaeger/-/exporter-jaeger-1.24.0.tgz",
      "integrity": "sha512-mD28eBrdth937QGU6zgn+6fYBywUaYxLJwANREnE7XS8pHP/Hjxpiy4nb9yIzQ2DqC8Uq7yEnc8ah2pH45B9ZQ==",
      "dependencies": {
        "@opentelemetry/core": "1.24.0",
        "@opentelemetry/sdk-trace-base": "1.24.0",
        "@opentelemetry/semantic-conventions": "1.24.0",
        "jaeger-client": "^3.15.0"
      },
      "engines": {
        "node": ">=14"
      },
      "peerDependencies": {
        "@opentelemetry/api": "^1.0.0"
      }
    },
    "node_modules/@opentelemetry/exporter-trace-otlp-http": {
      "version": "0.51.0",
      "resolved": "https://registry.npmjs.org/@opentelemetry/exporter-trace-otlp-http/-/exporter-trace-otlp-http-0.51.0.tgz",
      "integrity": "sha512-zODqnLZmPOxj9CarFv0TrVlx9mgj0TfCMCiUiTdNi9iA2rgdKVo+bjJjpYF6LCTJOQCR5TScAUCKyzwkgDI+iA==",
      "dependencies": {
        "@opentelemetry/core": "1.24.0",
        "@opentelemetry/otlp-exporter-base": "0.51.0",
        "@opentelemetry/otlp-transformer": "0.51.0",
        "@opentelemetry/resources": "1.24.0",
        "@opentelemetry/sdk-trace-base": "1.24.0"
      },
      "engines": {
        "node": ">=14"
      },
      "peerDependencies": {
        "@opentelemetry/api": "^1.0.0"
      }
    },
    "node_modules/@opentelemetry/otlp-exporter-base": {
      "version": "0.51.0",
      "resolved": "https://registry.npmjs.org/@opentelemetry/otlp-exporter-base/-/otlp-exporter-base-0.51.0.tgz",
      "integrity": "sha512-hR4c9vWVz1QgzCBSyy9zSDkvfTgaK96E6/tfVP6O4dzdZW9HqWimA3lXV/KXadEGqShvM4GToz9EHp2A5RU5bQ==",
      "dependencies": {
        "@opentelemetry/core": "1.24.0"
      },
      "engines": {
        "node": ">=14"
      },
      "peerDependencies": {
        "@opentelemetry/api": "^1.0.0"
      }
    },
    "node_modules/@opentelemetry/otlp-transformer": {
      "version": "0.51.0",
      "resolved": "https://registry.npmjs.org/@opentelemetry/otlp-transformer/-/otlp-transformer-0.51.0.tgz",
      "integrity": "sha512-ylLgx2xumVoSefDHP9GMAU/LG+TU3+8eacVDXV5o1RqWxsdVOaQmCTY0XyDgeRTn6hIOVAq/HHQbRq3iWOrt2A==",
      "dependencies": {
        "@opentelemetry/api-logs": "0.51.0",
        "@opentelemetry/core": "1.24.0",
        "@opentelemetry/resources": "1.24.0",
        "@opentelemetry/sdk-logs": "0.51.0",
        "@opentelemetry/sdk-metrics": "1.24.0",
        "@opentelemetry/sdk-trace-base": "1.24.0"
      },
      "engines": {
        "node": ">=14"
      },
      "peerDependencies": {
        "@opentelemetry/api": ">=1.3.0 <1.9.0"
      }
    },
    "node_modules/@opentelemetry/resources": {
      "version": "1.24.0",
      "resolved": "https://registry.npmjs.org/@opentelemetry/resources/-/resources-1.24.0.tgz",
      "integrity": "sha512-mxC7E7ocUS1tLzepnA7O9/G8G6ZTdjCH2pXme1DDDuCuk6n2/53GADX+GWBuyX0dfIxeMInIbJAdjlfN9GNr6A==",
      "dependencies": {
        "@opentelemetry/core": "1.24.0",
        "@opentelemetry/semantic-conventions": "1.24.0"
      },
      "engines": {
        "node": ">=14"
      },
      "peerDependencies": {
        "@opentelemetry/api": ">=1.0.0 <1.9.0"
      }
    },
    "node_modules/@opentelemetry/sdk-logs": {
      "version": "0.51.0",
      "resolved": "https://registry.npmjs.org/@opentelemetry/sdk-logs/-/sdk-logs-0.51.0.tgz",
      "integrity": "sha512-K4fMBRFD8hQ6khk0rvYFuo6L9ymeGgByir6BcuFIgQuQ00OhYwBi9AruZz5V733Ejq7P8ObR3YyubkOUIbeVAw==",
      "dependencies": {
        "@opentelemetry/core": "1.24.0",
        "@opentelemetry/resources": "1.24.0"
      },
      "engines": {
        "node": ">=14"
      },
      "peerDependencies": {
        "@opentelemetry/api": ">=1.4.0 <1.9.0",
        "@opentelemetry/api-logs": ">=0.39.1"
      }
    },
    "node_modules/@opentelemetry/sdk-metrics": {
      "version": "1.24.0",
      "resolved": "https://registry.npmjs.org/@opentelemetry/sdk-metrics/-/sdk-metrics-1.24.0.tgz",
      "integrity": "sha512-4tJ+E6N019OZVB/nUW/LoK9xHxfeh88TCoaTqHeLBE9wLYfi6irWW6J9cphMav7J8Qk0D5b7/RM4VEY4dArWOA==",
      "dependencies": {
        "@opentelemetry/core": "1.24.0",
        "@opentelemetry/resources": "1.24.0",
        "lodash.merge": "^4.6.2"
      },
      "engines": {
        "node": ">=14"
      },
      "peerDependencies": {
        "@opentelemetry/api": ">=1.3.0 <1.9.0"
      }
    },
    "node_modules/@opentelemetry/sdk-trace-base": {
      "version": "1.24.0",
      "resolved": "https://registry.npmjs.org/@opentelemetry/sdk-trace-base/-/sdk-trace-base-1.24.0.tgz",
      "integrity": "sha512-H9sLETZ4jw9UJ3totV8oM5R0m4CW0ZIOLfp4NV3g0CM8HD5zGZcaW88xqzWDgiYRpctFxd+WmHtGX/Upoa2vRg==",
      "dependencies": {
        "@opentelemetry/core": "1.24.0",
        "@opentelemetry/resources": "1.24.0",
        "@opentelemetry/semantic-conventions": "1.24.0"
      },
      "engines": {
        "node": ">=14"
      },
      "peerDependencies": {
        "@opentelemetry/api": ">=1.0.0 <1.9.0"
      }
    },
    "node_modules/@opentelemetry/semantic-conventions": {
      "version": "1.24.0",
      "resolved": "https://registry.npmjs.org/@opentelemetry/semantic-conventions/-/semantic-conventions-1.24.0.tgz",
      "integrity": "sha512-yL0jI6Ltuz8R+Opj7jClGrul6pOoYrdfVmzQS4SITXRPH7I5IRZbrwe/6/v8v4WYMa6MYZG480S1+uc/IGfqsA==",
      "engines": {
        "node": ">=14"
      }
    },
    "node_modules/@repeaterjs/repeater": {
      "version": "3.0.5",
      "resolved": "https://registry.npmjs.org/@repeaterjs/repeater/-/repeater-3.0.5.tgz",
      "integrity": "sha512-l3YHBLAol6d/IKnB9LhpD0cEZWAoe3eFKUyTYWmFmCO2Q/WOckxLQAUyMZWwZV2M/m3+4vgRoaolFqaII82/TA=="
    },
    "node_modules/@whatwg-node/events": {
      "version": "0.1.1",
      "resolved": "https://registry.npmjs.org/@whatwg-node/events/-/events-0.1.1.tgz",
      "integrity": "sha512-AyQEn5hIPV7Ze+xFoXVU3QTHXVbWPrzaOkxtENMPMuNL6VVHrp4hHfDt9nrQpjO7BgvuM95dMtkycX5M/DZR3w==",
      "engines": {
        "node": ">=16.0.0"
      }
    },
    "node_modules/@whatwg-node/fetch": {
      "version": "0.9.17",
      "resolved": "https://registry.npmjs.org/@whatwg-node/fetch/-/fetch-0.9.17.tgz",
      "integrity": "sha512-TDYP3CpCrxwxpiNY0UMNf096H5Ihf67BK1iKGegQl5u9SlpEDYrvnV71gWBGJm+Xm31qOy8ATgma9rm8Pe7/5Q==",
      "dependencies": {
        "@whatwg-node/node-fetch": "^0.5.7",
        "urlpattern-polyfill": "^10.0.0"
      },
      "engines": {
        "node": ">=16.0.0"
      }
    },
    "node_modules/@whatwg-node/node-fetch": {
      "version": "0.5.11",
      "resolved": "https://registry.npmjs.org/@whatwg-node/node-fetch/-/node-fetch-0.5.11.tgz",
      "integrity": "sha512-LS8tSomZa3YHnntpWt3PP43iFEEl6YeIsvDakczHBKlay5LdkXFr8w7v8H6akpG5nRrzydyB0k1iE2eoL6aKIQ==",
      "dependencies": {
        "@kamilkisiela/fast-url-parser": "^1.1.4",
        "@whatwg-node/events": "^0.1.0",
        "busboy": "^1.6.0",
        "fast-querystring": "^1.1.1",
        "tslib": "^2.3.1"
      },
      "engines": {
        "node": ">=16.0.0"
      }
    },
    "node_modules/@whatwg-node/server": {
      "version": "0.9.34",
      "resolved": "https://registry.npmjs.org/@whatwg-node/server/-/server-0.9.34.tgz",
      "integrity": "sha512-1sHRjqUtZIyTR2m2dS/dJpzS5OcNDpPuUSVDa2PoEgzYVKr4GsqJaYtRaEXXFohvvyh6PkouYCc1rE7jMDWVCA==",
      "dependencies": {
        "@whatwg-node/fetch": "^0.9.17",
        "tslib": "^2.3.1"
      },
      "engines": {
        "node": ">=16.0.0"
      }
    },
    "node_modules/ansi-color": {
      "version": "0.2.1",
      "resolved": "https://registry.npmjs.org/ansi-color/-/ansi-color-0.2.1.tgz",
      "integrity": "sha512-bF6xLaZBLpOQzgYUtYEhJx090nPSZk1BQ/q2oyBK9aMMcJHzx9uXGCjI2Y+LebsN4Jwoykr0V9whbPiogdyHoQ==",
      "engines": {
        "node": "*"
      }
    },
    "node_modules/bufrw": {
      "version": "1.4.0",
      "resolved": "https://registry.npmjs.org/bufrw/-/bufrw-1.4.0.tgz",
      "integrity": "sha512-sWm8iPbqvL9+5SiYxXH73UOkyEbGQg7kyHQmReF89WJHQJw2eV4P/yZ0E+b71cczJ4pPobVhXxgQcmfSTgGHxQ==",
      "dependencies": {
        "ansi-color": "^0.2.1",
        "error": "^7.0.0",
        "hexer": "^1.5.0",
        "xtend": "^4.0.0"
      },
      "engines": {
        "node": ">= 0.10.x"
      }
    },
    "node_modules/busboy": {
      "version": "1.6.0",
      "resolved": "https://registry.npmjs.org/busboy/-/busboy-1.6.0.tgz",
      "integrity": "sha512-8SFQbg/0hQ9xy3UNTB0YEnsNBbWfhf7RtnzpL7TkBiTBRfrQ9Fxcnz7VJsleJpyp6rVLvXiuORqjlHi5q+PYuA==",
      "dependencies": {
        "streamsearch": "^1.1.0"
      },
      "engines": {
        "node": ">=10.16.0"
      }
    },
    "node_modules/cross-inspect": {
      "version": "1.0.0",
      "resolved": "https://registry.npmjs.org/cross-inspect/-/cross-inspect-1.0.0.tgz",
      "integrity": "sha512-4PFfn4b5ZN6FMNGSZlyb7wUhuN8wvj8t/VQHZdM4JsDcruGJ8L2kf9zao98QIrBPFCpdk27qst/AGTl7pL3ypQ==",
      "dependencies": {
        "tslib": "^2.4.0"
      },
      "engines": {
        "node": ">=16.0.0"
      }
    },
    "node_modules/dset": {
      "version": "3.1.3",
      "resolved": "https://registry.npmjs.org/dset/-/dset-3.1.3.tgz",
      "integrity": "sha512-20TuZZHCEZ2O71q9/+8BwKwZ0QtD9D8ObhrihJPr+vLLYlSuAU3/zL4cSlgbfeoGHTjCSJBa7NGcrF9/Bx/WJQ==",
      "engines": {
        "node": ">=4"
      }
    },
    "node_modules/error": {
      "version": "7.0.2",
      "resolved": "https://registry.npmjs.org/error/-/error-7.0.2.tgz",
      "integrity": "sha512-UtVv4l5MhijsYUxPJo4390gzfZvAnTHreNnDjnTZaKIiZ/SemXxAhBkYSKtWa5RtBXbLP8tMgn/n0RUa/H7jXw==",
      "dependencies": {
        "string-template": "~0.2.1",
        "xtend": "~4.0.0"
      }
    },
    "node_modules/fast-decode-uri-component": {
      "version": "1.0.1",
      "resolved": "https://registry.npmjs.org/fast-decode-uri-component/-/fast-decode-uri-component-1.0.1.tgz",
      "integrity": "sha512-WKgKWg5eUxvRZGwW8FvfbaH7AXSh2cL+3j5fMGzUMCxWBJ3dV3a7Wz8y2f/uQ0e3B6WmodD3oS54jTQ9HVTIIg=="
    },
    "node_modules/fast-querystring": {
      "version": "1.1.2",
      "resolved": "https://registry.npmjs.org/fast-querystring/-/fast-querystring-1.1.2.tgz",
      "integrity": "sha512-g6KuKWmFXc0fID8WWH0jit4g0AGBoJhCkJMb1RmbsSEUNvQ+ZC8D6CUZ+GtF8nMzSPXnhiePyyqqipzNNEnHjg==",
      "dependencies": {
        "fast-decode-uri-component": "^1.0.1"
      }
    },
    "node_modules/graphql": {
      "version": "16.8.1",
      "resolved": "https://registry.npmjs.org/graphql/-/graphql-16.8.1.tgz",
      "integrity": "sha512-59LZHPdGZVh695Ud9lRzPBVTtlX9ZCV150Er2W43ro37wVof0ctenSaskPPjN7lVTIN8mSZt8PHUNKZuNQUuxw==",
      "peer": true,
      "engines": {
        "node": "^12.22.0 || ^14.16.0 || ^16.0.0 || >=17.0.0"
      }
    },
    "node_modules/graphql-yoga": {
      "version": "5.1.1",
      "resolved": "https://registry.npmjs.org/graphql-yoga/-/graphql-yoga-5.1.1.tgz",
      "integrity": "sha512-oak5nVKTHpqJgpA1aT3cJPOlCidrW7l6nbc5L6w07VdFul16ielGI2ZnQDAXO+qQih09/4WspD5x0SsSZH+hkg==",
      "dependencies": {
        "@envelop/core": "^5.0.0",
        "@graphql-tools/executor": "^1.0.0",
        "@graphql-tools/schema": "^10.0.0",
        "@graphql-tools/utils": "^10.0.0",
        "@graphql-yoga/logger": "^2.0.0",
        "@graphql-yoga/subscription": "^5.0.0",
        "@whatwg-node/fetch": "^0.9.7",
        "@whatwg-node/server": "^0.9.1",
        "dset": "^3.1.1",
        "lru-cache": "^10.0.0",
        "tslib": "^2.5.2"
      },
      "engines": {
        "node": ">=18.0.0"
      },
      "peerDependencies": {
        "graphql": "^15.2.0 || ^16.0.0"
      }
    },
    "node_modules/hexer": {
      "version": "1.5.0",
      "resolved": "https://registry.npmjs.org/hexer/-/hexer-1.5.0.tgz",
      "integrity": "sha512-dyrPC8KzBzUJ19QTIo1gXNqIISRXQ0NwteW6OeQHRN4ZuZeHkdODfj0zHBdOlHbRY8GqbqK57C9oWSvQZizFsg==",
      "dependencies": {
        "ansi-color": "^0.2.1",
        "minimist": "^1.1.0",
        "process": "^0.10.0",
        "xtend": "^4.0.0"
      },
      "bin": {
        "hexer": "cli.js"
      },
      "engines": {
        "node": ">= 0.10.x"
      }
    },
    "node_modules/jaeger-client": {
      "version": "3.19.0",
      "resolved": "https://registry.npmjs.org/jaeger-client/-/jaeger-client-3.19.0.tgz",
      "integrity": "sha512-M0c7cKHmdyEUtjemnJyx/y9uX16XHocL46yQvyqDlPdvAcwPDbHrIbKjQdBqtiE4apQ/9dmr+ZLJYYPGnurgpw==",
      "dependencies": {
        "node-int64": "^0.4.0",
        "opentracing": "^0.14.4",
        "thriftrw": "^3.5.0",
        "uuid": "^8.3.2",
        "xorshift": "^1.1.1"
      },
      "engines": {
        "node": ">=10"
      }
    },
    "node_modules/lodash.merge": {
      "version": "4.6.2",
      "resolved": "https://registry.npmjs.org/lodash.merge/-/lodash.merge-4.6.2.tgz",
      "integrity": "sha512-0KpjqXRVvrYyCsX1swR/XTK0va6VQkQM6MNo7PqW77ByjAhoARA8EfrP1N4+KlKj8YS0ZUCtRT/YUuhyYDujIQ=="
    },
    "node_modules/long": {
      "version": "2.4.0",
      "resolved": "https://registry.npmjs.org/long/-/long-2.4.0.tgz",
      "integrity": "sha512-ijUtjmO/n2A5PaosNG9ZGDsQ3vxJg7ZW8vsY8Kp0f2yIZWhSJvjmegV7t+9RPQKxKrvj8yKGehhS+po14hPLGQ==",
      "engines": {
        "node": ">=0.6"
      }
    },
    "node_modules/lru-cache": {
      "version": "10.2.1",
      "resolved": "https://registry.npmjs.org/lru-cache/-/lru-cache-10.2.1.tgz",
      "integrity": "sha512-tS24spDe/zXhWbNPErCHs/AGOzbKGHT+ybSBqmdLm8WZ1xXLWvH8Qn71QPAlqVhd0qUTWjy+Kl9JmISgDdEjsA==",
      "engines": {
        "node": "14 || >=16.14"
      }
    },
    "node_modules/minimist": {
      "version": "1.2.8",
      "resolved": "https://registry.npmjs.org/minimist/-/minimist-1.2.8.tgz",
      "integrity": "sha512-2yyAR8qBkN3YuheJanUpWC5U3bb5osDywNB8RzDVlDwDHbocAJveqqj1u8+SVD7jkWT4yvsHCpWqqWqAxb0zCA==",
      "funding": {
        "url": "https://github.com/sponsors/ljharb"
      }
    },
    "node_modules/node-int64": {
      "version": "0.4.0",
      "resolved": "https://registry.npmjs.org/node-int64/-/node-int64-0.4.0.tgz",
      "integrity": "sha512-O5lz91xSOeoXP6DulyHfllpq+Eg00MWitZIbtPfoSEvqIHdl5gfcY6hYzDWnj0qD5tz52PI08u9qUvSVeUBeHw=="
    },
    "node_modules/opentracing": {
      "version": "0.14.7",
      "resolved": "https://registry.npmjs.org/opentracing/-/opentracing-0.14.7.tgz",
      "integrity": "sha512-vz9iS7MJ5+Bp1URw8Khvdyw1H/hGvzHWlKQ7eRrQojSCDL1/SrWfrY9QebLw97n2deyRtzHRC3MkQfVNUCo91Q==",
      "engines": {
        "node": ">=0.10"
      }
    },
    "node_modules/process": {
      "version": "0.10.1",
      "resolved": "https://registry.npmjs.org/process/-/process-0.10.1.tgz",
      "integrity": "sha512-dyIett8dgGIZ/TXKUzeYExt7WA6ldDzys9vTDU/cCA9L17Ypme+KzS+NjQCjpn9xsvi/shbMC+yP/BcFMBz0NA==",
      "engines": {
        "node": ">= 0.6.0"
      }
    },
    "node_modules/streamsearch": {
      "version": "1.1.0",
      "resolved": "https://registry.npmjs.org/streamsearch/-/streamsearch-1.1.0.tgz",
      "integrity": "sha512-Mcc5wHehp9aXz1ax6bZUyY5afg9u2rv5cqQI3mRrYkGC8rW2hM02jWuwjtL++LS5qinSyhj2QfLyNsuc+VsExg==",
      "engines": {
        "node": ">=10.0.0"
      }
    },
    "node_modules/string-template": {
      "version": "0.2.1",
      "resolved": "https://registry.npmjs.org/string-template/-/string-template-0.2.1.tgz",
      "integrity": "sha512-Yptehjogou2xm4UJbxJ4CxgZx12HBfeystp0y3x7s4Dj32ltVVG1Gg8YhKjHZkHicuKpZX/ffilA8505VbUbpw=="
    },
    "node_modules/thriftrw": {
      "version": "3.11.4",
      "resolved": "https://registry.npmjs.org/thriftrw/-/thriftrw-3.11.4.tgz",
      "integrity": "sha512-UcuBd3eanB3T10nXWRRMwfwoaC6VMk7qe3/5YIWP2Jtw+EbHqJ0p1/K3x8ixiR5dozKSSfcg1W+0e33G1Di3XA==",
      "dependencies": {
        "bufrw": "^1.2.1",
        "error": "7.0.2",
        "long": "^2.4.0"
      },
      "bin": {
        "thrift2json": "thrift2json.js"
      },
      "engines": {
        "node": ">= 0.10.x"
      }
    },
    "node_modules/tslib": {
      "version": "2.6.2",
      "resolved": "https://registry.npmjs.org/tslib/-/tslib-2.6.2.tgz",
      "integrity": "sha512-AEYxH93jGFPn/a2iVAwW87VuUIkR1FVUKB77NwMF7nBTDkDrrT/Hpt/IrCJ0QXhW27jTBDcf5ZY7w6RiqTMw2Q=="
    },
    "node_modules/urlpattern-polyfill": {
      "version": "10.0.0",
      "resolved": "https://registry.npmjs.org/urlpattern-polyfill/-/urlpattern-polyfill-10.0.0.tgz",
      "integrity": "sha512-H/A06tKD7sS1O1X2SshBVeA5FLycRpjqiBeqGKmBwBDBy28EnRjORxTNe269KSSr5un5qyWi1iL61wLxpd+ZOg=="
    },
    "node_modules/uuid": {
      "version": "8.3.2",
      "resolved": "https://registry.npmjs.org/uuid/-/uuid-8.3.2.tgz",
      "integrity": "sha512-+NYs2QeMWy+GWFOEm9xnn6HCDp0l7QBD7ml8zLUmJ+93Q5NF0NocErnwkTkXVFNiX3/fpC6afS8Dhb/gz7R7eg==",
      "bin": {
        "uuid": "dist/bin/uuid"
      }
    },
    "node_modules/value-or-promise": {
      "version": "1.0.12",
      "resolved": "https://registry.npmjs.org/value-or-promise/-/value-or-promise-1.0.12.tgz",
      "integrity": "sha512-Z6Uz+TYwEqE7ZN50gwn+1LCVo9ZVrpxRPOhOLnncYkY1ZzOYtrX8Fwf/rFktZ8R5mJms6EZf5TqNOMeZmnPq9Q==",
      "engines": {
        "node": ">=12"
      }
    },
    "node_modules/xorshift": {
      "version": "1.2.0",
      "resolved": "https://registry.npmjs.org/xorshift/-/xorshift-1.2.0.tgz",
      "integrity": "sha512-iYgNnGyeeJ4t6U11NpA/QiKy+PXn5Aa3Azg5qkwIFz1tBLllQrjjsk9yzD7IAK0naNU4JxdeDgqW9ov4u/hc4g=="
    },
    "node_modules/xtend": {
      "version": "4.0.2",
      "resolved": "https://registry.npmjs.org/xtend/-/xtend-4.0.2.tgz",
      "integrity": "sha512-LKYU1iAXJXUgAXn9URjiu+MWhyUXHsvfp7mcuYm9dSUKK0/CjtrUwFAxD82/mCWbtLsGjFIad0wIsod4zrTAEQ==",
      "engines": {
        "node": ">=0.4"
      }
    }
  }
}
